
Microsoft Visual Studio Solution File, Format Version 12.00
Project("{FAE04EC0-301F-11D3-BF4B-00C04F79EFBC}") = "Day1", "Day1\Day1.csproj", "{2EB111A5-1E04-441F-AB5F-467B4B8241F4}"
EndProject
Project("{FAE04EC0-301F-11D3-BF4B-00C04F79EFBC}") = "Day1.Test", "Day1.Test\Day1.Test.csproj", "{8AAE7531-FADE-4DEA-AAA2-82AA1423132F}"
EndProject
Project("{FAE04EC0-301F-11D3-BF4B-00C04F79EFBC}") = "Day2", "Day2\Day2.csproj", "{A216B253-0D64-44B6-A75A-2D8C80964790}"
EndProject
Project("{FAE04EC0-301F-11D3-BF4B-00C04F79EFBC}") = "Day2.Test", "Day2.Test\Day2.Test.csproj", "{EF0659A9-7B5A-4CBF-933D-773FC8270DD6}"
EndProject
Project("{FAE04EC0-301F-11D3-BF4B-00C04F79EFBC}") = "Day3", "Day3\Day3.csproj", "{051E268A-E722-4167-BE48-5D4A747D8023}"
EndProject
Project("{FAE04EC0-301F-11D3-BF4B-00C04F79EFBC}") = "Day3.Test", "Day3.Test\Day3.Test.csproj", "{8B70153F-F833-46CB-90BD-A055B2E2E75B}"
EndProject
Project("{FAE04EC0-301F-11D3-BF4B-00C04F79EFBC}") = "Day4", "Day4\Day4.csproj", "{6D36BA60-442D-4708-AF85-05DF39B3E2AC}"
EndProject
Project("{FAE04EC0-301F-11D3-BF4B-00C04F79EFBC}") = "Day4.Test", "Day4.Test\Day4.Test.csproj", "{B8E6E7FB-8DD1-4484-92B6-CDF81BD343DE}"
EndProject
Project("{FAE04EC0-301F-11D3-BF4B-00C04F79EFBC}") = "Day5.Test", "Day5.Test\Day5.Test.csproj", "{DF7010F3-BED2-4C7B-BC94-3F6A7D757887}"
EndProject
Project("{FAE04EC0-301F-11D3-BF4B-00C04F79EFBC}") = "Day5", "Day5\Day5.csproj", "{953F2396-A5DF-4CE4-98DC-E1487FBAB862}"
EndProject
Global
	GlobalSection(SolutionConfigurationPlatforms) = preSolution
		Debug|Any CPU = Debug|Any CPU
		Release|Any CPU = Release|Any CPU
	EndGlobalSection
	GlobalSection(ProjectConfigurationPlatforms) = postSolution
		{2EB111A5-1E04-441F-AB5F-467B4B8241F4}.Debug|Any CPU.ActiveCfg = Debug|Any CPU
		{2EB111A5-1E04-441F-AB5F-467B4B8241F4}.Debug|Any CPU.Build.0 = Debug|Any CPU
		{2EB111A5-1E04-441F-AB5F-467B4B8241F4}.Release|Any CPU.ActiveCfg = Release|Any CPU
		{2EB111A5-1E04-441F-AB5F-467B4B8241F4}.Release|Any CPU.Build.0 = Release|Any CPU
		{8AAE7531-FADE-4DEA-AAA2-82AA1423132F}.Debug|Any CPU.ActiveCfg = Debug|Any CPU
		{8AAE7531-FADE-4DEA-AAA2-82AA1423132F}.Debug|Any CPU.Build.0 = Debug|Any CPU
		{8AAE7531-FADE-4DEA-AAA2-82AA1423132F}.Release|Any CPU.ActiveCfg = Release|Any CPU
		{8AAE7531-FADE-4DEA-AAA2-82AA1423132F}.Release|Any CPU.Build.0 = Release|Any CPU
		{A216B253-0D64-44B6-A75A-2D8C80964790}.Debug|Any CPU.ActiveCfg = Debug|Any CPU
		{A216B253-0D64-44B6-A75A-2D8C80964790}.Debug|Any CPU.Build.0 = Debug|Any CPU
		{A216B253-0D64-44B6-A75A-2D8C80964790}.Release|Any CPU.ActiveCfg = Release|Any CPU
		{A216B253-0D64-44B6-A75A-2D8C80964790}.Release|Any CPU.Build.0 = Release|Any CPU
		{EF0659A9-7B5A-4CBF-933D-773FC8270DD6}.Debug|Any CPU.ActiveCfg = Debug|Any CPU
		{EF0659A9-7B5A-4CBF-933D-773FC8270DD6}.Debug|Any CPU.Build.0 = Debug|Any CPU
		{EF0659A9-7B5A-4CBF-933D-773FC8270DD6}.Release|Any CPU.ActiveCfg = Release|Any CPU
		{EF0659A9-7B5A-4CBF-933D-773FC8270DD6}.Release|Any CPU.Build.0 = Release|Any CPU
		{051E268A-E722-4167-BE48-5D4A747D8023}.Debug|Any CPU.ActiveCfg = Debug|Any CPU
		{051E268A-E722-4167-BE48-5D4A747D8023}.Debug|Any CPU.Build.0 = Debug|Any CPU
		{051E268A-E722-4167-BE48-5D4A747D8023}.Release|Any CPU.ActiveCfg = Release|Any CPU
		{051E268A-E722-4167-BE48-5D4A747D8023}.Release|Any CPU.Build.0 = Release|Any CPU
		{8B70153F-F833-46CB-90BD-A055B2E2E75B}.Debug|Any CPU.ActiveCfg = Debug|Any CPU
		{8B70153F-F833-46CB-90BD-A055B2E2E75B}.Debug|Any CPU.Build.0 = Debug|Any CPU
		{8B70153F-F833-46CB-90BD-A055B2E2E75B}.Release|Any CPU.ActiveCfg = Release|Any CPU
		{8B70153F-F833-46CB-90BD-A055B2E2E75B}.Release|Any CPU.Build.0 = Release|Any CPU
		{6D36BA60-442D-4708-AF85-05DF39B3E2AC}.Debug|Any CPU.ActiveCfg = Debug|Any CPU
		{6D36BA60-442D-4708-AF85-05DF39B3E2AC}.Debug|Any CPU.Build.0 = Debug|Any CPU
		{6D36BA60-442D-4708-AF85-05DF39B3E2AC}.Release|Any CPU.ActiveCfg = Release|Any CPU
		{6D36BA60-442D-4708-AF85-05DF39B3E2AC}.Release|Any CPU.Build.0 = Release|Any CPU
		{B8E6E7FB-8DD1-4484-92B6-CDF81BD343DE}.Debug|Any CPU.ActiveCfg = Debug|Any CPU
		{B8E6E7FB-8DD1-4484-92B6-CDF81BD343DE}.Debug|Any CPU.Build.0 = Debug|Any CPU
		{B8E6E7FB-8DD1-4484-92B6-CDF81BD343DE}.Release|Any CPU.ActiveCfg = Release|Any CPU
		{B8E6E7FB-8DD1-4484-92B6-CDF81BD343DE}.Release|Any CPU.Build.0 = Release|Any CPU
		{DF7010F3-BED2-4C7B-BC94-3F6A7D757887}.Debug|Any CPU.ActiveCfg = Debug|Any CPU
		{DF7010F3-BED2-4C7B-BC94-3F6A7D757887}.Debug|Any CPU.Build.0 = Debug|Any CPU
		{DF7010F3-BED2-4C7B-BC94-3F6A7D757887}.Release|Any CPU.ActiveCfg = Release|Any CPU
		{DF7010F3-BED2-4C7B-BC94-3F6A7D757887}.Release|Any CPU.Build.0 = Release|Any CPU
		{953F2396-A5DF-4CE4-98DC-E1487FBAB862}.Debug|Any CPU.ActiveCfg = Debug|Any CPU
		{953F2396-A5DF-4CE4-98DC-E1487FBAB862}.Debug|Any CPU.Build.0 = Debug|Any CPU
		{953F2396-A5DF-4CE4-98DC-E1487FBAB862}.Release|Any CPU.ActiveCfg = Release|Any CPU
		{953F2396-A5DF-4CE4-98DC-E1487FBAB862}.Release|Any CPU.Build.0 = Release|Any CPU
	EndGlobalSection
EndGlobal
